
Microsoft Visual Studio Solution File, Format Version 12.00
# Visual Studio 2017
Project("{FAE04EC0-301F-11D3-BF4B-00C04F79EFBC}") = "Sendbajtv0.6", "Sendbajtv0.6.csproj", "{DA9C2D4B-5E47-0832-AA4B-021BDA3D1613}"
EndProject
Global
	GlobalSection(SolutionConfigurationPlatforms) = preSolution
		Debug|Any CPU = Debug|Any CPU
		Release|Any CPU = Release|Any CPU
	EndGlobalSection
	GlobalSection(ProjectConfigurationPlatforms) = postSolution
		{DA9C2D4B-5E47-0832-AA4B-021BDA3D1613}.Debug|Any CPU.ActiveCfg = Debug|Any CPU
		{DA9C2D4B-5E47-0832-AA4B-021BDA3D1613}.Debug|Any CPU.Build.0 = Debug|Any CPU
		{DA9C2D4B-5E47-0832-AA4B-021BDA3D1613}.Release|Any CPU.ActiveCfg = Release|Any CPU
		{DA9C2D4B-5E47-0832-AA4B-021BDA3D1613}.Release|Any CPU.Build.0 = Release|Any CPU
	EndGlobalSection
	GlobalSection(SolutionProperties) = preSolution
		HideSolutionNode = FALSE
	EndGlobalSection
EndGlobal
